// !$*UTF8*$!
{
	archiveVersion = 1;
	classes = {
	};
	objectVersion = 50;
	objects = {

/* Begin PBXBuildFile section */
		8ED3538D224AF23000C833E1 /* main.swift in Sources */ = {isa = PBXBuildFile; fileRef = 8ED3538C224AF23000C833E1 /* main.swift */; };
		8ED35398224AFA2B00C833E1 /* VM.swift in Sources */ = {isa = PBXBuildFile; fileRef = 8ED35397224AFA2B00C833E1 /* VM.swift */; };
		8ED3539C224B01BD00C833E1 /* Memory.swift in Sources */ = {isa = PBXBuildFile; fileRef = 8ED3539B224B01BD00C833E1 /* Memory.swift */; };
		8ED3539E224D12EC00C833E1 /* Instruction.swift in Sources */ = {isa = PBXBuildFile; fileRef = 8ED3539D224D12EC00C833E1 /* Instruction.swift */; };
		8ED353A4224D6E5B00C833E1 /* outs.swift in Sources */ = {isa = PBXBuildFile; fileRef = 8ED353A3224D6E5B00C833E1 /* outs.swift */; };
		8ED353A6224D700B00C833E1 /* outcr.swift in Sources */ = {isa = PBXBuildFile; fileRef = 8ED353A5224D700B00C833E1 /* outcr.swift */; };
		8ED353A8224D706700C833E1 /* helper.swift in Sources */ = {isa = PBXBuildFile; fileRef = 8ED353A7224D706700C833E1 /* helper.swift */; };
		8ED353AA224D710200C833E1 /* addrr.swift in Sources */ = {isa = PBXBuildFile; fileRef = 8ED353A9224D710200C833E1 /* addrr.swift */; };
		8ED353AC224D71A000C833E1 /* printi.swift in Sources */ = {isa = PBXBuildFile; fileRef = 8ED353AB224D71A000C833E1 /* printi.swift */; };
		8ED353AE224D71F800C833E1 /* cmprr.swift in Sources */ = {isa = PBXBuildFile; fileRef = 8ED353AD224D71F800C833E1 /* cmprr.swift */; };
		8ED353B0224D730300C833E1 /* addir.swift in Sources */ = {isa = PBXBuildFile; fileRef = 8ED353AF224D730300C833E1 /* addir.swift */; };
		8ED353B2224D735C00C833E1 /* jmpne.swift in Sources */ = {isa = PBXBuildFile; fileRef = 8ED353B1224D735C00C833E1 /* jmpne.swift */; };
		8ED353B4224D7A5100C833E1 /* halt.swift in Sources */ = {isa = PBXBuildFile; fileRef = 8ED353B3224D7A5100C833E1 /* halt.swift */; };
		8ED353B622500AB500C833E1 /* mov.swift in Sources */ = {isa = PBXBuildFile; fileRef = 8ED353B522500AB500C833E1 /* mov.swift */; };
		8ED353B82252FD8400C833E1 /* clr.swift in Sources */ = {isa = PBXBuildFile; fileRef = 8ED353B72252FD8400C833E1 /* clr.swift */; };
/* End PBXBuildFile section */

/* Begin PBXCopyFilesBuildPhase section */
		8ED35387224AF23000C833E1 /* CopyFiles */ = {
			isa = PBXCopyFilesBuildPhase;
			buildActionMask = 2147483647;
			dstPath = /usr/share/man/man1/;
			dstSubfolderSpec = 0;
			files = (
			);
			runOnlyForDeploymentPostprocessing = 1;
		};
/* End PBXCopyFilesBuildPhase section */

/* Begin PBXFileReference section */
		8ED35389224AF23000C833E1 /* Simple Assembly Program */ = {isa = PBXFileReference; explicitFileType = "compiled.mach-o.executable"; includeInIndex = 0; path = "Simple Assembly Program"; sourceTree = BUILT_PRODUCTS_DIR; };
		8ED3538C224AF23000C833E1 /* main.swift */ = {isa = PBXFileReference; lastKnownFileType = sourcecode.swift; path = main.swift; sourceTree = "<group>"; };
		8ED35397224AFA2B00C833E1 /* VM.swift */ = {isa = PBXFileReference; lastKnownFileType = sourcecode.swift; path = VM.swift; sourceTree = "<group>"; };
		8ED3539B224B01BD00C833E1 /* Memory.swift */ = {isa = PBXFileReference; lastKnownFileType = sourcecode.swift; path = Memory.swift; sourceTree = "<group>"; };
		8ED3539D224D12EC00C833E1 /* Instruction.swift */ = {isa = PBXFileReference; lastKnownFileType = sourcecode.swift; path = Instruction.swift; sourceTree = "<group>"; };
		8ED353A3224D6E5B00C833E1 /* outs.swift */ = {isa = PBXFileReference; lastKnownFileType = sourcecode.swift; path = outs.swift; sourceTree = "<group>"; };
		8ED353A5224D700B00C833E1 /* outcr.swift */ = {isa = PBXFileReference; lastKnownFileType = sourcecode.swift; path = outcr.swift; sourceTree = "<group>"; };
		8ED353A7224D706700C833E1 /* helper.swift */ = {isa = PBXFileReference; lastKnownFileType = sourcecode.swift; path = helper.swift; sourceTree = "<group>"; };
		8ED353A9224D710200C833E1 /* addrr.swift */ = {isa = PBXFileReference; lastKnownFileType = sourcecode.swift; path = addrr.swift; sourceTree = "<group>"; };
		8ED353AB224D71A000C833E1 /* printi.swift */ = {isa = PBXFileReference; lastKnownFileType = sourcecode.swift; path = printi.swift; sourceTree = "<group>"; };
		8ED353AD224D71F800C833E1 /* cmprr.swift */ = {isa = PBXFileReference; lastKnownFileType = sourcecode.swift; path = cmprr.swift; sourceTree = "<group>"; };
		8ED353AF224D730300C833E1 /* addir.swift */ = {isa = PBXFileReference; lastKnownFileType = sourcecode.swift; path = addir.swift; sourceTree = "<group>"; };
		8ED353B1224D735C00C833E1 /* jmpne.swift */ = {isa = PBXFileReference; lastKnownFileType = sourcecode.swift; path = jmpne.swift; sourceTree = "<group>"; };
		8ED353B3224D7A5100C833E1 /* halt.swift */ = {isa = PBXFileReference; lastKnownFileType = sourcecode.swift; path = halt.swift; sourceTree = "<group>"; };
		8ED353B522500AB500C833E1 /* mov.swift */ = {isa = PBXFileReference; lastKnownFileType = sourcecode.swift; path = mov.swift; sourceTree = "<group>"; };
		8ED353B72252FD8400C833E1 /* clr.swift */ = {isa = PBXFileReference; lastKnownFileType = sourcecode.swift; path = clr.swift; sourceTree = "<group>"; };
/* End PBXFileReference section */

/* Begin PBXFrameworksBuildPhase section */
		8ED35386224AF23000C833E1 /* Frameworks */ = {
			isa = PBXFrameworksBuildPhase;
			buildActionMask = 2147483647;
			files = (
			);
			runOnlyForDeploymentPostprocessing = 0;
		};
/* End PBXFrameworksBuildPhase section */

/* Begin PBXGroup section */
		8ED35380224AF23000C833E1 = {
			isa = PBXGroup;
			children = (
				8ED3539F224D188600C833E1 /* Instructions */,
				8ED3538B224AF23000C833E1 /* Simple Assembly Program */,
				8ED3538A224AF23000C833E1 /* Products */,
			);
			sourceTree = "<group>";
		};
		8ED3538A224AF23000C833E1 /* Products */ = {
			isa = PBXGroup;
			children = (
				8ED35389224AF23000C833E1 /* Simple Assembly Program */,
			);
			name = Products;
			sourceTree = "<group>";
		};
		8ED3538B224AF23000C833E1 /* Simple Assembly Program */ = {
			isa = PBXGroup;
			children = (
				8ED3538C224AF23000C833E1 /* main.swift */,
				8ED35397224AFA2B00C833E1 /* VM.swift */,
				8ED3539D224D12EC00C833E1 /* Instruction.swift */,
				8ED3539B224B01BD00C833E1 /* Memory.swift */,
				8ED353A7224D706700C833E1 /* helper.swift */,
			);
			path = "Simple Assembly Program";
			sourceTree = "<group>";
		};
		8ED3539F224D188600C833E1 /* Instructions */ = {
			isa = PBXGroup;
			children = (
				8ED353B3224D7A5100C833E1 /* halt.swift */,
				8ED353B72252FD8400C833E1 /* clr.swift */,
				8ED353B522500AB500C833E1 /* mov.swift */,
				8ED353AF224D730300C833E1 /* addir.swift */,
				8ED353A9224D710200C833E1 /* addrr.swift */,
				8ED353AD224D71F800C833E1 /* cmprr.swift */,
				8ED353A5224D700B00C833E1 /* outcr.swift */,
				8ED353AB224D71A000C833E1 /* printi.swift */,
				8ED353A3224D6E5B00C833E1 /* outs.swift */,
				8ED353B1224D735C00C833E1 /* jmpne.swift */,
			);
			path = Instructions;
			sourceTree = "<group>";
		};
/* End PBXGroup section */

/* Begin PBXNativeTarget section */
		8ED35388224AF23000C833E1 /* Simple Assembly Program */ = {
			isa = PBXNativeTarget;
			buildConfigurationList = 8ED35390224AF23000C833E1 /* Build configuration list for PBXNativeTarget "Simple Assembly Program" */;
			buildPhases = (
				8ED35385224AF23000C833E1 /* Sources */,
				8ED35386224AF23000C833E1 /* Frameworks */,
				8ED35387224AF23000C833E1 /* CopyFiles */,
			);
			buildRules = (
			);
			dependencies = (
			);
			name = "Simple Assembly Program";
			productName = "Simple Assembly Program";
			productReference = 8ED35389224AF23000C833E1 /* Simple Assembly Program */;
			productType = "com.apple.product-type.tool";
		};
/* End PBXNativeTarget section */

/* Begin PBXProject section */
		8ED35381224AF23000C833E1 /* Project object */ = {
			isa = PBXProject;
			attributes = {
				LastSwiftUpdateCheck = 0940;
				LastUpgradeCheck = 0940;
				ORGANIZATIONNAME = "Kiran Mak";
				TargetAttributes = {
					8ED35388224AF23000C833E1 = {
						CreatedOnToolsVersion = 9.4.1;
					};
				};
			};
			buildConfigurationList = 8ED35384224AF23000C833E1 /* Build configuration list for PBXProject "Simple Assembly Program" */;
			compatibilityVersion = "Xcode 9.3";
			developmentRegion = en;
			hasScannedForEncodings = 0;
			knownRegions = (
				en,
			);
			mainGroup = 8ED35380224AF23000C833E1;
			productRefGroup = 8ED3538A224AF23000C833E1 /* Products */;
			projectDirPath = "";
			projectRoot = "";
			targets = (
				8ED35388224AF23000C833E1 /* Simple Assembly Program */,
			);
		};
/* End PBXProject section */

/* Begin PBXSourcesBuildPhase section */
		8ED35385224AF23000C833E1 /* Sources */ = {
			isa = PBXSourcesBuildPhase;
			buildActionMask = 2147483647;
			files = (
				8ED353A8224D706700C833E1 /* helper.swift in Sources */,
				8ED35398224AFA2B00C833E1 /* VM.swift in Sources */,
				8ED353AE224D71F800C833E1 /* cmprr.swift in Sources */,
				8ED3539E224D12EC00C833E1 /* Instruction.swift in Sources */,
				8ED3539C224B01BD00C833E1 /* Memory.swift in Sources */,
				8ED353B82252FD8400C833E1 /* clr.swift in Sources */,
				8ED353A6224D700B00C833E1 /* outcr.swift in Sources */,
				8ED353B2224D735C00C833E1 /* jmpne.swift in Sources */,
				8ED353B4224D7A5100C833E1 /* halt.swift in Sources */,
				8ED353AA224D710200C833E1 /* addrr.swift in Sources */,
				8ED353B0224D730300C833E1 /* addir.swift in Sources */,
				8ED353AC224D71A000C833E1 /* printi.swift in Sources */,
				8ED353A4224D6E5B00C833E1 /* outs.swift in Sources */,
				8ED353B622500AB500C833E1 /* mov.swift in Sources */,
				8ED3538D224AF23000C833E1 /* main.swift in Sources */,
			);
			runOnlyForDeploymentPostprocessing = 0;
		};
/* End PBXSourcesBuildPhase section */

/* Begin XCBuildConfiguration section */
		8ED3538E224AF23000C833E1 /* Debug */ = {
			isa = XCBuildConfiguration;
			buildSettings = {
				ALWAYS_SEARCH_USER_PATHS = NO;
				CLANG_ANALYZER_NONNULL = YES;
				CLANG_ANALYZER_NUMBER_OBJECT_CONVERSION = YES_AGGRESSIVE;
				CLANG_CXX_LANGUAGE_STANDARD = "gnu++14";
				CLANG_CXX_LIBRARY = "libc++";
				CLANG_ENABLE_MODULES = YES;
				CLANG_ENABLE_OBJC_ARC = YES;
				CLANG_ENABLE_OBJC_WEAK = YES;
				CLANG_WARN_BLOCK_CAPTURE_AUTORELEASING = YES;
				CLANG_WARN_BOOL_CONVERSION = YES;
				CLANG_WARN_COMMA = YES;
				CLANG_WARN_CONSTANT_CONVERSION = YES;
				CLANG_WARN_DEPRECATED_OBJC_IMPLEMENTATIONS = YES;
				CLANG_WARN_DIRECT_OBJC_ISA_USAGE = YES_ERROR;
				CLANG_WARN_DOCUMENTATION_COMMENTS = YES;
				CLANG_WARN_EMPTY_BODY = YES;
				CLANG_WARN_ENUM_CONVERSION = YES;
				CLANG_WARN_INFINITE_RECURSION = YES;
				CLANG_WARN_INT_CONVERSION = YES;
				CLANG_WARN_NON_LITERAL_NULL_CONVERSION = YES;
				CLANG_WARN_OBJC_IMPLICIT_RETAIN_SELF = YES;
				CLANG_WARN_OBJC_LITERAL_CONVERSION = YES;
				CLANG_WARN_OBJC_ROOT_CLASS = YES_ERROR;
				CLANG_WARN_RANGE_LOOP_ANALYSIS = YES;
				CLANG_WARN_STRICT_PROTOTYPES = YES;
				CLANG_WARN_SUSPICIOUS_MOVE = YES;
				CLANG_WARN_UNGUARDED_AVAILABILITY = YES_AGGRESSIVE;
				CLANG_WARN_UNREACHABLE_CODE = YES;
				CLANG_WARN__DUPLICATE_METHOD_MATCH = YES;
				CODE_SIGN_IDENTITY = "-";
				COPY_PHASE_STRIP = NO;
				DEBUG_INFORMATION_FORMAT = dwarf;
				ENABLE_STRICT_OBJC_MSGSEND = YES;
				ENABLE_TESTABILITY = YES;
				GCC_C_LANGUAGE_STANDARD = gnu11;
				GCC_DYNAMIC_NO_PIC = NO;
				GCC_NO_COMMON_BLOCKS = YES;
				GCC_OPTIMIZATION_LEVEL = 0;
				GCC_PREPROCESSOR_DEFINITIONS = (
					"DEBUG=1",
					"$(inherited)",
				);
				GCC_WARN_64_TO_32_BIT_CONVERSION = YES;
				GCC_WARN_ABOUT_RETURN_TYPE = YES_ERROR;
				GCC_WARN_UNDECLARED_SELECTOR = YES;
				GCC_WARN_UNINITIALIZED_AUTOS = YES_AGGRESSIVE;
				GCC_WARN_UNUSED_FUNCTION = YES;
				GCC_WARN_UNUSED_VARIABLE = YES;
				MACOSX_DEPLOYMENT_TARGET = 10.13;
				MTL_ENABLE_DEBUG_INFO = YES;
				ONLY_ACTIVE_ARCH = YES;
				SDKROOT = macosx;
				SWIFT_ACTIVE_COMPILATION_CONDITIONS = DEBUG;
				SWIFT_OPTIMIZATION_LEVEL = "-Onone";
			};
			name = Debug;
		};
		8ED3538F224AF23000C833E1 /* Release */ = {
			isa = XCBuildConfiguration;
			buildSettings = {
				ALWAYS_SEARCH_USER_PATHS = NO;
				CLANG_ANALYZER_NONNULL = YES;
				CLANG_ANALYZER_NUMBER_OBJECT_CONVERSION = YES_AGGRESSIVE;
				CLANG_CXX_LANGUAGE_STANDARD = "gnu++14";
				CLANG_CXX_LIBRARY = "libc++";
				CLANG_ENABLE_MODULES = YES;
				CLANG_ENABLE_OBJC_ARC = YES;
				CLANG_ENABLE_OBJC_WEAK = YES;
				CLANG_WARN_BLOCK_CAPTURE_AUTORELEASING = YES;
				CLANG_WARN_BOOL_CONVERSION = YES;
				CLANG_WARN_COMMA = YES;
				CLANG_WARN_CONSTANT_CONVERSION = YES;
				CLANG_WARN_DEPRECATED_OBJC_IMPLEMENTATIONS = YES;
				CLANG_WARN_DIRECT_OBJC_ISA_USAGE = YES_ERROR;
				CLANG_WARN_DOCUMENTATION_COMMENTS = YES;
				CLANG_WARN_EMPTY_BODY = YES;
				CLANG_WARN_ENUM_CONVERSION = YES;
				CLANG_WARN_INFINITE_RECURSION = YES;
				CLANG_WARN_INT_CONVERSION = YES;
				CLANG_WARN_NON_LITERAL_NULL_CONVERSION = YES;
				CLANG_WARN_OBJC_IMPLICIT_RETAIN_SELF = YES;
				CLANG_WARN_OBJC_LITERAL_CONVERSION = YES;
				CLANG_WARN_OBJC_ROOT_CLASS = YES_ERROR;
				CLANG_WARN_RANGE_LOOP_ANALYSIS = YES;
				CLANG_WARN_STRICT_PROTOTYPES = YES;
				CLANG_WARN_SUSPICIOUS_MOVE = YES;
				CLANG_WARN_UNGUARDED_AVAILABILITY = YES_AGGRESSIVE;
				CLANG_WARN_UNREACHABLE_CODE = YES;
				CLANG_WARN__DUPLICATE_METHOD_MATCH = YES;
				CODE_SIGN_IDENTITY = "-";
				COPY_PHASE_STRIP = NO;
				DEBUG_INFORMATION_FORMAT = "dwarf-with-dsym";
				ENABLE_NS_ASSERTIONS = NO;
				ENABLE_STRICT_OBJC_MSGSEND = YES;
				GCC_C_LANGUAGE_STANDARD = gnu11;
				GCC_NO_COMMON_BLOCKS = YES;
				GCC_WARN_64_TO_32_BIT_CONVERSION = YES;
				GCC_WARN_ABOUT_RETURN_TYPE = YES_ERROR;
				GCC_WARN_UNDECLARED_SELECTOR = YES;
				GCC_WARN_UNINITIALIZED_AUTOS = YES_AGGRESSIVE;
				GCC_WARN_UNUSED_FUNCTION = YES;
				GCC_WARN_UNUSED_VARIABLE = YES;
				MACOSX_DEPLOYMENT_TARGET = 10.13;
				MTL_ENABLE_DEBUG_INFO = NO;
				SDKROOT = macosx;
				SWIFT_COMPILATION_MODE = wholemodule;
				SWIFT_OPTIMIZATION_LEVEL = "-O";
			};
			name = Release;
		};
		8ED35391224AF23000C833E1 /* Debug */ = {
			isa = XCBuildConfiguration;
			buildSettings = {
				CODE_SIGN_STYLE = Automatic;
				PRODUCT_NAME = "$(TARGET_NAME)";
				SWIFT_VERSION = 4.0;
			};
			name = Debug;
		};
		8ED35392224AF23000C833E1 /* Release */ = {
			isa = XCBuildConfiguration;
			buildSettings = {
				CODE_SIGN_STYLE = Automatic;
				PRODUCT_NAME = "$(TARGET_NAME)";
				SWIFT_VERSION = 4.0;
			};
			name = Release;
		};
/* End XCBuildConfiguration section */

/* Begin XCConfigurationList section */
		8ED35384224AF23000C833E1 /* Build configuration list for PBXProject "Simple Assembly Program" */ = {
			isa = XCConfigurationList;
			buildConfigurations = (
				8ED3538E224AF23000C833E1 /* Debug */,
				8ED3538F224AF23000C833E1 /* Release */,
			);
			defaultConfigurationIsVisible = 0;
			defaultConfigurationName = Release;
		};
		8ED35390224AF23000C833E1 /* Build configuration list for PBXNativeTarget "Simple Assembly Program" */ = {
			isa = XCConfigurationList;
			buildConfigurations = (
				8ED35391224AF23000C833E1 /* Debug */,
				8ED35392224AF23000C833E1 /* Release */,
			);
			defaultConfigurationIsVisible = 0;
			defaultConfigurationName = Release;
		};
/* End XCConfigurationList section */
	};
	rootObject = 8ED35381224AF23000C833E1 /* Project object */;
}
